
Microsoft Visual Studio Solution File, Format Version 12.00
# Visual Studio Version 16
VisualStudioVersion = 16.0.31105.61
MinimumVisualStudioVersion = 10.0.40219.1
Project("{FAE04EC0-301F-11D3-BF4B-00C04F79EFBC}") = "MineSweeper", "MineSweeper\MineSweeper.csproj", "{D6155A69-6B18-4912-A4D2-14A872BE1009}"
EndProject
Global
	GlobalSection(SolutionConfigurationPlatforms) = preSolution
		Debug|Any CPU = Debug|Any CPU
		Release|Any CPU = Release|Any CPU
	EndGlobalSection
	GlobalSection(ProjectConfigurationPlatforms) = postSolution
		{D6155A69-6B18-4912-A4D2-14A872BE1009}.Debug|Any CPU.ActiveCfg = Debug|Any CPU
		{D6155A69-6B18-4912-A4D2-14A872BE1009}.Debug|Any CPU.Build.0 = Debug|Any CPU
		{D6155A69-6B18-4912-A4D2-14A872BE1009}.Release|Any CPU.ActiveCfg = Release|Any CPU
		{D6155A69-6B18-4912-A4D2-14A872BE1009}.Release|Any CPU.Build.0 = Release|Any CPU
	EndGlobalSection
	GlobalSection(SolutionProperties) = preSolution
		HideSolutionNode = FALSE
	EndGlobalSection
	GlobalSection(ExtensibilityGlobals) = postSolution
		SolutionGuid = {2CACDACE-1C43-4690-9131-112DDEBD91CA}
	EndGlobalSection
EndGlobal
